github.com/mailru/easygo v0.0.0-20190618140210-3c14a0dc985f h1:4+gHs0jJFJ06bfN8PshnM6cHcxGjRUVRLo5jndDiKRQ=
github.com/mailru/easygo v0.0.0-20190618140210-3c14a0dc985f/go.mod h1:tHCZHV8b2A90ObojrEAzY0Lb03gxUxjDHr5IJyAh4ew=
golang.org/x/sys v0.0.0-20201202213521-69691e467435 h1:25AvDqqB9PrNqj1FLf2/70I4W0L19qqoaFq3gjNwbKk=
golang.org/x/sys v0.0.0-20201202213521-69691e467435/go.mod h1:h1NjWce9XRLGQEsW7wpKNCjG9DtNlClVuFLEZdDNbEs=
